github.com/aead/cmac v0.0.0-20160719120800-7af84192f0b1 h1:+JkXLHME8vLJafGhOH4aoV2Iu8bR55nU6iKMVfYVLjY=
github.com/aead/cmac v0.0.0-20160719120800-7af84192f0b1/go.mod h1:nuudZmJhzWtx2212z+pkuy7B6nkBqa+xwNXZHL1j8cg=
github.com/johnnyb/gocrypto v0.1.4 h1:pBfP8uDGIpjKb1n4b+rjQVonuBEacGuvUH7xsYiQ3iU=
github.com/johnnyb/gocrypto v0.1.4/go.mod h1:oMU+9Pii7IrLl2I/wRvPNwbcpbr3/AH4FqD++p4SJy0=
